
Microsoft Visual Studio Solution File, Format Version 12.00
# Visual Studio Version 17
VisualStudioVersion = 17.14.36623.8 d17.14
MinimumVisualStudioVersion = 10.0.40219.1
Project("{FAE04EC0-301F-11D3-BF4B-00C04F79EFBC}") = "sales.domain", "sales.domain\sales.domain.csproj", "{611832AC-CA27-431B-B378-21AA13323FB2}"
EndProject
Project("{FAE04EC0-301F-11D3-BF4B-00C04F79EFBC}") = "sales.infra", "sales.infra\sales.infra.csproj", "{71AF4DF7-2039-4F19-8189-41AED328743F}"
EndProject
Project("{FAE04EC0-301F-11D3-BF4B-00C04F79EFBC}") = "sales.API", "sales.API\sales.API.csproj", "{72795BF4-0A86-451C-8D0C-7DEA5F1F9D31}"
EndProject
Global
	GlobalSection(SolutionConfigurationPlatforms) = preSolution
		Debug|Any CPU = Debug|Any CPU
		Release|Any CPU = Release|Any CPU
	EndGlobalSection
	GlobalSection(ProjectConfigurationPlatforms) = postSolution
		{611832AC-CA27-431B-B378-21AA13323FB2}.Debug|Any CPU.ActiveCfg = Debug|Any CPU
		{611832AC-CA27-431B-B378-21AA13323FB2}.Debug|Any CPU.Build.0 = Debug|Any CPU
		{611832AC-CA27-431B-B378-21AA13323FB2}.Release|Any CPU.ActiveCfg = Release|Any CPU
		{611832AC-CA27-431B-B378-21AA13323FB2}.Release|Any CPU.Build.0 = Release|Any CPU
		{71AF4DF7-2039-4F19-8189-41AED328743F}.Debug|Any CPU.ActiveCfg = Debug|Any CPU
		{71AF4DF7-2039-4F19-8189-41AED328743F}.Debug|Any CPU.Build.0 = Debug|Any CPU
		{71AF4DF7-2039-4F19-8189-41AED328743F}.Release|Any CPU.ActiveCfg = Release|Any CPU
		{71AF4DF7-2039-4F19-8189-41AED328743F}.Release|Any CPU.Build.0 = Release|Any CPU
		{72795BF4-0A86-451C-8D0C-7DEA5F1F9D31}.Debug|Any CPU.ActiveCfg = Debug|Any CPU
		{72795BF4-0A86-451C-8D0C-7DEA5F1F9D31}.Debug|Any CPU.Build.0 = Debug|Any CPU
		{72795BF4-0A86-451C-8D0C-7DEA5F1F9D31}.Release|Any CPU.ActiveCfg = Release|Any CPU
		{72795BF4-0A86-451C-8D0C-7DEA5F1F9D31}.Release|Any CPU.Build.0 = Release|Any CPU
	EndGlobalSection
	GlobalSection(SolutionProperties) = preSolution
		HideSolutionNode = FALSE
	EndGlobalSection
	GlobalSection(ExtensibilityGlobals) = postSolution
		SolutionGuid = {E000CC4B-861B-40DB-9FC2-AC97701BAEC0}
	EndGlobalSection
EndGlobal
